# Generated by pub
# See http://pub.dartlang.org/doc/glossary.html#lockfile
packages:
  browser:
    description:
      name: browser
      url: "https://pub.dartlang.org"
    source: hosted
    version: "0.10.0+2"
  js:
    description:
      name: js
      url: "https://pub.dartlang.org"
    source: hosted
    version: "0.6.1"
  matcher:
    description:
      name: matcher
      url: "https://pub.dartlang.org"
    source: hosted
    version: "0.12.0+2"
  quiver:
    description:
      name: quiver
      url: "https://pub.dartlang.org"
    source: hosted
    version: "0.22.0"
  react:
    description:
      ref: "63ab345544be7742c74646d05818a7f872a9d196"
      resolved-ref: "63ab345544be7742c74646d05818a7f872a9d196"
      url: "git@github.com:greglittlefield-wf/react-dart.git"
    source: git
    version: "3.1.0"
sdks:
  dart: ">=1.19.0-dev.0.0 <2.0.0"
